
Microsoft Visual Studio Solution File, Format Version 12.00
# Visual Studio Version 16
VisualStudioVersion = 16.0.31702.278
MinimumVisualStudioVersion = 10.0.40219.1
Project("{FAE04EC0-301F-11D3-BF4B-00C04F79EFBC}") = "TestJirav2", "TestJirav2\TestJirav2.csproj", "{B5BFD0FE-108E-46D2-B587-B1965F9C0352}"
EndProject
Global
	GlobalSection(SolutionConfigurationPlatforms) = preSolution
		Debug|Any CPU = Debug|Any CPU
		Release|Any CPU = Release|Any CPU
	EndGlobalSection
	GlobalSection(ProjectConfigurationPlatforms) = postSolution
		{B5BFD0FE-108E-46D2-B587-B1965F9C0352}.Debug|Any CPU.ActiveCfg = Debug|Any CPU
		{B5BFD0FE-108E-46D2-B587-B1965F9C0352}.Debug|Any CPU.Build.0 = Debug|Any CPU
		{B5BFD0FE-108E-46D2-B587-B1965F9C0352}.Release|Any CPU.ActiveCfg = Release|Any CPU
		{B5BFD0FE-108E-46D2-B587-B1965F9C0352}.Release|Any CPU.Build.0 = Release|Any CPU
	EndGlobalSection
	GlobalSection(SolutionProperties) = preSolution
		HideSolutionNode = FALSE
	EndGlobalSection
	GlobalSection(ExtensibilityGlobals) = postSolution
		SolutionGuid = {159849C9-7DC9-438A-A291-C650CC50C9D4}
	EndGlobalSection
EndGlobal
